
Microsoft Visual Studio Solution File, Format Version 12.00
# Visual Studio Version 17
VisualStudioVersion = 17.7.34031.279
MinimumVisualStudioVersion = 10.0.40219.1
Project("{9A19103F-16F7-4668-BE54-9A1E7A4F7556}") = "Solver", "Solver\Solver.csproj", "{4C1C4A6F-0E75-4EF9-A040-27309DD65EBF}"
EndProject
Project("{FAE04EC0-301F-11D3-BF4B-00C04F79EFBC}") = "NumbersGame", "NumbersGame\NumbersGame.csproj", "{3303041A-9467-48B1-A7C3-FDB74293A5B4}"
EndProject
Global
	GlobalSection(SolutionConfigurationPlatforms) = preSolution
		Debug|Any CPU = Debug|Any CPU
		Release|Any CPU = Release|Any CPU
	EndGlobalSection
	GlobalSection(ProjectConfigurationPlatforms) = postSolution
		{4C1C4A6F-0E75-4EF9-A040-27309DD65EBF}.Debug|Any CPU.ActiveCfg = Debug|Any CPU
		{4C1C4A6F-0E75-4EF9-A040-27309DD65EBF}.Debug|Any CPU.Build.0 = Debug|Any CPU
		{4C1C4A6F-0E75-4EF9-A040-27309DD65EBF}.Release|Any CPU.ActiveCfg = Release|Any CPU
		{4C1C4A6F-0E75-4EF9-A040-27309DD65EBF}.Release|Any CPU.Build.0 = Release|Any CPU
		{3303041A-9467-48B1-A7C3-FDB74293A5B4}.Debug|Any CPU.ActiveCfg = Debug|Any CPU
		{3303041A-9467-48B1-A7C3-FDB74293A5B4}.Debug|Any CPU.Build.0 = Debug|Any CPU
		{3303041A-9467-48B1-A7C3-FDB74293A5B4}.Release|Any CPU.ActiveCfg = Release|Any CPU
		{3303041A-9467-48B1-A7C3-FDB74293A5B4}.Release|Any CPU.Build.0 = Release|Any CPU
	EndGlobalSection
	GlobalSection(SolutionProperties) = preSolution
		HideSolutionNode = FALSE
	EndGlobalSection
	GlobalSection(ExtensibilityGlobals) = postSolution
		SolutionGuid = {7666EED4-9AC0-42FF-A4F1-AB7F663A8BBA}
	EndGlobalSection
EndGlobal
